
Microsoft Visual Studio Solution File, Format Version 12.00
# Visual Studio 15
VisualStudioVersion = 15.0.28307.329
MinimumVisualStudioVersion = 10.0.40219.1
Project("{9A19103F-16F7-4668-BE54-9A1E7A4F7556}") = "Emby.AutoTagger", "Emby.AutoTagger\Emby.AutoTagger.csproj", "{AB3C240B-BF30-4D43-B5F3-510B535308B8}"
EndProject
Project("{FAE04EC0-301F-11D3-BF4B-00C04F79EFBC}") = "Emby.AutoTagger.Tests", "Emby.AutoTagger.Tests\Emby.AutoTagger.Tests.csproj", "{EDC232B9-ED4B-4E36-841A-4C6AEC0DF75D}"
EndProject
Global
	GlobalSection(SolutionConfigurationPlatforms) = preSolution
		Debug|Any CPU = Debug|Any CPU
		Release|Any CPU = Release|Any CPU
	EndGlobalSection
	GlobalSection(ProjectConfigurationPlatforms) = postSolution
		{AB3C240B-BF30-4D43-B5F3-510B535308B8}.Debug|Any CPU.ActiveCfg = Debug|Any CPU
		{AB3C240B-BF30-4D43-B5F3-510B535308B8}.Debug|Any CPU.Build.0 = Debug|Any CPU
		{AB3C240B-BF30-4D43-B5F3-510B535308B8}.Release|Any CPU.ActiveCfg = Release|Any CPU
		{AB3C240B-BF30-4D43-B5F3-510B535308B8}.Release|Any CPU.Build.0 = Release|Any CPU
		{EDC232B9-ED4B-4E36-841A-4C6AEC0DF75D}.Debug|Any CPU.ActiveCfg = Debug|Any CPU
		{EDC232B9-ED4B-4E36-841A-4C6AEC0DF75D}.Debug|Any CPU.Build.0 = Debug|Any CPU
		{EDC232B9-ED4B-4E36-841A-4C6AEC0DF75D}.Release|Any CPU.ActiveCfg = Release|Any CPU
		{EDC232B9-ED4B-4E36-841A-4C6AEC0DF75D}.Release|Any CPU.Build.0 = Release|Any CPU
	EndGlobalSection
	GlobalSection(SolutionProperties) = preSolution
		HideSolutionNode = FALSE
	EndGlobalSection
	GlobalSection(ExtensibilityGlobals) = postSolution
		SolutionGuid = {D178F98C-0F78-4C14-9AFA-82684545F7F9}
	EndGlobalSection
EndGlobal
